
Microsoft Visual Studio Solution File, Format Version 12.00
# Visual Studio Version 17
VisualStudioVersion = 17.4.33213.308
MinimumVisualStudioVersion = 10.0.40219.1
Project("{FAE04EC0-301F-11D3-BF4B-00C04F79EFBC}") = "KeePassPlugin2FA", "KeePassPlugin2FA\KeePassPlugin2FA.csproj", "{ED40424F-4923-4C27-8B85-D91A6C460847}"
EndProject
Global
	GlobalSection(SolutionConfigurationPlatforms) = preSolution
		Debug|Any CPU = Debug|Any CPU
		Release|Any CPU = Release|Any CPU
	EndGlobalSection
	GlobalSection(ProjectConfigurationPlatforms) = postSolution
		{ED40424F-4923-4C27-8B85-D91A6C460847}.Debug|Any CPU.ActiveCfg = Debug|Any CPU
		{ED40424F-4923-4C27-8B85-D91A6C460847}.Debug|Any CPU.Build.0 = Debug|Any CPU
		{ED40424F-4923-4C27-8B85-D91A6C460847}.Release|Any CPU.ActiveCfg = Release|Any CPU
		{ED40424F-4923-4C27-8B85-D91A6C460847}.Release|Any CPU.Build.0 = Release|Any CPU
	EndGlobalSection
	GlobalSection(SolutionProperties) = preSolution
		HideSolutionNode = FALSE
	EndGlobalSection
	GlobalSection(ExtensibilityGlobals) = postSolution
		SolutionGuid = {C9990220-F841-4F51-A9B1-0FFE44CABC1F}
	EndGlobalSection
EndGlobal
